
Microsoft Visual Studio Solution File, Format Version 12.00
# Visual Studio Version 16
VisualStudioVersion = 16.0.29806.167
MinimumVisualStudioVersion = 10.0.40219.1
Project("{9A19103F-16F7-4668-BE54-9A1E7A4F7556}") = "DiplomConsole", "DiplomConsole\DiplomConsole.csproj", "{21355A9A-6499-433B-864E-316A94D1A76B}"
EndProject
Project("{00D1A9C2-B5F0-4AF3-8072-F6C62B433612}") = "Database1", "..\Database1\Database1.sqlproj", "{E2A48799-79C0-4261-BCD2-963565C0B230}"
EndProject
Global
	GlobalSection(SolutionConfigurationPlatforms) = preSolution
		Debug|Any CPU = Debug|Any CPU
		Release|Any CPU = Release|Any CPU
	EndGlobalSection
	GlobalSection(ProjectConfigurationPlatforms) = postSolution
		{21355A9A-6499-433B-864E-316A94D1A76B}.Debug|Any CPU.ActiveCfg = Debug|Any CPU
		{21355A9A-6499-433B-864E-316A94D1A76B}.Debug|Any CPU.Build.0 = Debug|Any CPU
		{21355A9A-6499-433B-864E-316A94D1A76B}.Release|Any CPU.ActiveCfg = Release|Any CPU
		{21355A9A-6499-433B-864E-316A94D1A76B}.Release|Any CPU.Build.0 = Release|Any CPU
		{E2A48799-79C0-4261-BCD2-963565C0B230}.Debug|Any CPU.ActiveCfg = Debug|Any CPU
		{E2A48799-79C0-4261-BCD2-963565C0B230}.Debug|Any CPU.Build.0 = Debug|Any CPU
		{E2A48799-79C0-4261-BCD2-963565C0B230}.Debug|Any CPU.Deploy.0 = Debug|Any CPU
		{E2A48799-79C0-4261-BCD2-963565C0B230}.Release|Any CPU.ActiveCfg = Release|Any CPU
		{E2A48799-79C0-4261-BCD2-963565C0B230}.Release|Any CPU.Build.0 = Release|Any CPU
		{E2A48799-79C0-4261-BCD2-963565C0B230}.Release|Any CPU.Deploy.0 = Release|Any CPU
	EndGlobalSection
	GlobalSection(SolutionProperties) = preSolution
		HideSolutionNode = FALSE
	EndGlobalSection
	GlobalSection(ExtensibilityGlobals) = postSolution
		SolutionGuid = {B93A4168-C056-4999-9D76-F431820E1C38}
	EndGlobalSection
EndGlobal
